# This file is automatically @generated by Cargo.
# It is not intended for manual editing.
version = 4

[[package]]
name = "spring-rs"
version = "0.1.0"
source = "registry+https://github.com/rust-lang/crates.io-index"
checksum = "e4eb9cef010d941a6f63152107fee6846e251c9347d3b0c8c983fce7eb04a97b"

[[package]]
name = "spring_rs_web"
version = "0.1.0"
dependencies = [
 "spring-rs",
]
